
Microsoft Visual Studio Solution File, Format Version 12.00
# Visual Studio Version 17
VisualStudioVersion = 17.0.31717.71
MinimumVisualStudioVersion = 10.0.40219.1
Project("{FAE04EC0-301F-11D3-BF4B-00C04F79EFBC}") = "InProccessFuncApp", "InProccessFuncApp\InProccessFuncApp.csproj", "{EE555F51-402C-45F8-A872-083B41B6F319}"
EndProject
Global
	GlobalSection(SolutionConfigurationPlatforms) = preSolution
		Debug|Any CPU = Debug|Any CPU
		Release|Any CPU = Release|Any CPU
	EndGlobalSection
	GlobalSection(ProjectConfigurationPlatforms) = postSolution
		{EE555F51-402C-45F8-A872-083B41B6F319}.Debug|Any CPU.ActiveCfg = Debug|Any CPU
		{EE555F51-402C-45F8-A872-083B41B6F319}.Debug|Any CPU.Build.0 = Debug|Any CPU
		{EE555F51-402C-45F8-A872-083B41B6F319}.Release|Any CPU.ActiveCfg = Release|Any CPU
		{EE555F51-402C-45F8-A872-083B41B6F319}.Release|Any CPU.Build.0 = Release|Any CPU
	EndGlobalSection
	GlobalSection(SolutionProperties) = preSolution
		HideSolutionNode = FALSE
	EndGlobalSection
	GlobalSection(ExtensibilityGlobals) = postSolution
		SolutionGuid = {B8F6500A-3BC8-49DA-ACA3-F9E58242730D}
	EndGlobalSection
EndGlobal
